
Microsoft Visual Studio Solution File, Format Version 12.00
# Visual Studio Version 17
VisualStudioVersion = 17.14.36221.1
MinimumVisualStudioVersion = 10.0.40219.1
Project("{FAE04EC0-301F-11D3-BF4B-00C04F79EFBC}") = "AdForm-SQL-API", "AdForm-SQL-API\AdForm-SQL-API.csproj", "{458EC183-46AB-4791-A05A-8F1999414323}"
EndProject
Project("{E53339B2-1760-4266-BCC7-CA923CBCF16C}") = "docker-compose", "docker-compose.dcproj", "{81DDED9D-158B-E303-5F62-77A2896D2A5A}"
EndProject
Project("{FAE04EC0-301F-11D3-BF4B-00C04F79EFBC}") = "AdFormSQLTest", "..\AdFormSQLTest\AdFormSQLTest.csproj", "{68898802-E27B-4E96-8470-E441DA28EC90}"
EndProject
Global
	GlobalSection(SolutionConfigurationPlatforms) = preSolution
		Debug|Any CPU = Debug|Any CPU
		Release|Any CPU = Release|Any CPU
	EndGlobalSection
	GlobalSection(ProjectConfigurationPlatforms) = postSolution
		{458EC183-46AB-4791-A05A-8F1999414323}.Debug|Any CPU.ActiveCfg = Debug|Any CPU
		{458EC183-46AB-4791-A05A-8F1999414323}.Debug|Any CPU.Build.0 = Debug|Any CPU
		{458EC183-46AB-4791-A05A-8F1999414323}.Release|Any CPU.ActiveCfg = Release|Any CPU
		{458EC183-46AB-4791-A05A-8F1999414323}.Release|Any CPU.Build.0 = Release|Any CPU
		{81DDED9D-158B-E303-5F62-77A2896D2A5A}.Debug|Any CPU.ActiveCfg = Debug|Any CPU
		{81DDED9D-158B-E303-5F62-77A2896D2A5A}.Debug|Any CPU.Build.0 = Debug|Any CPU
		{81DDED9D-158B-E303-5F62-77A2896D2A5A}.Release|Any CPU.ActiveCfg = Release|Any CPU
		{81DDED9D-158B-E303-5F62-77A2896D2A5A}.Release|Any CPU.Build.0 = Release|Any CPU
		{68898802-E27B-4E96-8470-E441DA28EC90}.Debug|Any CPU.ActiveCfg = Debug|Any CPU
		{68898802-E27B-4E96-8470-E441DA28EC90}.Debug|Any CPU.Build.0 = Debug|Any CPU
		{68898802-E27B-4E96-8470-E441DA28EC90}.Release|Any CPU.ActiveCfg = Release|Any CPU
		{68898802-E27B-4E96-8470-E441DA28EC90}.Release|Any CPU.Build.0 = Release|Any CPU
	EndGlobalSection
	GlobalSection(SolutionProperties) = preSolution
		HideSolutionNode = FALSE
	EndGlobalSection
	GlobalSection(ExtensibilityGlobals) = postSolution
		SolutionGuid = {B42CA710-2AE1-4CC0-BFFA-FE5A57A4C0D3}
	EndGlobalSection
EndGlobal
